
Microsoft Visual Studio Solution File, Format Version 12.00
# Visual Studio Version 16
VisualStudioVersion = 16.0.29709.97
MinimumVisualStudioVersion = 10.0.40219.1
Project("{9A19103F-16F7-4668-BE54-9A1E7A4F7556}") = "Circular", "Circular\Circular.csproj", "{452A3AEA-9F6D-4E23-A842-7100B42B467F}"
EndProject
Project("{FAE04EC0-301F-11D3-BF4B-00C04F79EFBC}") = "CircularDemo", "CircularDemo\CircularDemo.csproj", "{853E739E-D40E-4F5F-9EDC-00B9CEE6F81E}"
EndProject
Global
	GlobalSection(SolutionConfigurationPlatforms) = preSolution
		Debug|Any CPU = Debug|Any CPU
		Release|Any CPU = Release|Any CPU
	EndGlobalSection
	GlobalSection(ProjectConfigurationPlatforms) = postSolution
		{452A3AEA-9F6D-4E23-A842-7100B42B467F}.Debug|Any CPU.ActiveCfg = Debug|Any CPU
		{452A3AEA-9F6D-4E23-A842-7100B42B467F}.Debug|Any CPU.Build.0 = Debug|Any CPU
		{452A3AEA-9F6D-4E23-A842-7100B42B467F}.Release|Any CPU.ActiveCfg = Release|Any CPU
		{452A3AEA-9F6D-4E23-A842-7100B42B467F}.Release|Any CPU.Build.0 = Release|Any CPU
		{853E739E-D40E-4F5F-9EDC-00B9CEE6F81E}.Debug|Any CPU.ActiveCfg = Debug|Any CPU
		{853E739E-D40E-4F5F-9EDC-00B9CEE6F81E}.Debug|Any CPU.Build.0 = Debug|Any CPU
		{853E739E-D40E-4F5F-9EDC-00B9CEE6F81E}.Release|Any CPU.ActiveCfg = Release|Any CPU
		{853E739E-D40E-4F5F-9EDC-00B9CEE6F81E}.Release|Any CPU.Build.0 = Release|Any CPU
	EndGlobalSection
	GlobalSection(SolutionProperties) = preSolution
		HideSolutionNode = FALSE
	EndGlobalSection
	GlobalSection(ExtensibilityGlobals) = postSolution
		SolutionGuid = {2701BBD8-130B-41A9-8FD0-BBC3A14B1D55}
	EndGlobalSection
EndGlobal
